
Microsoft Visual Studio Solution File, Format Version 9.00
# Visual Studio 2005
Project("{FAE04EC0-301F-11D3-BF4B-00C04F79EFBC}") = "GMCLIENT", "GMCLIENT\GMCLIENT.csproj", "{3ADD60E0-0039-402E-B0F8-F86B46670E1E}"
EndProject
Project("{FAE04EC0-301F-11D3-BF4B-00C04F79EFBC}") = "FRM_MJ", "FRM_MJ\FRM_MJ.csproj", "{9AB151CC-5399-4F3B-8107-24D61E00EF00}"
EndProject
Project("{FAE04EC0-301F-11D3-BF4B-00C04F79EFBC}") = "M_GM", "M_GM\M_GM.csproj", "{A7A2D066-9D15-44D7-B451-6F01FEA4DCAF}"
EndProject
Project("{FAE04EC0-301F-11D3-BF4B-00C04F79EFBC}") = "C_Socket", "C_Socket\C_Socket.csproj", "{BCA834E4-DD6B-4733-8C55-8CF1334C8C60}"
EndProject
Project("{FAE04EC0-301F-11D3-BF4B-00C04F79EFBC}") = "C_Event", "C_Event\C_Event.csproj", "{AC4B946A-461E-49F0-B32F-8B9F77A82F4C}"
EndProject
Project("{FAE04EC0-301F-11D3-BF4B-00C04F79EFBC}") = "C_Global", "C_Global\C_Global.csproj", "{A2581DD8-A5B1-4A0A-BCB5-866A7BD0879F}"
EndProject
Project("{FAE04EC0-301F-11D3-BF4B-00C04F79EFBC}") = "ImageTextControl", "Imag_Text_Control\ImageTextControl\ImageTextControl.csproj", "{C26EC1E7-F852-4177-832C-0F7B41DB1CCF}"
EndProject
Project("{FAE04EC0-301F-11D3-BF4B-00C04F79EFBC}") = "Run", "Update\Run.csproj", "{D1CE8AC6-C9B9-496F-B217-5191F900B208}"
EndProject
Project("{FAE04EC0-301F-11D3-BF4B-00C04F79EFBC}") = "M_CR", "M_CR\M_CR.csproj", "{F04F6F14-A975-4A0D-ADA3-6700FA105DDF}"
EndProject
Project("{FAE04EC0-301F-11D3-BF4B-00C04F79EFBC}") = "M_AU", "M_AU\M_AU.csproj", "{8039596D-CBD8-4D55-81B5-9A335AAC5C43}"
EndProject
Project("{FAE04EC0-301F-11D3-BF4B-00C04F79EFBC}") = "M_Audition", "M_Audition\M_Audition.csproj", "{54A990B0-192C-4FBA-9B9D-97F6A237F566}"
EndProject
Project("{FAE04EC0-301F-11D3-BF4B-00C04F79EFBC}") = "M_o2jam", "M_o2jam\M_o2jam\M_o2jam.csproj", "{FA8ABE65-982D-4AA4-AF2F-15ED769AC7DC}"
EndProject
Project("{FAE04EC0-301F-11D3-BF4B-00C04F79EFBC}") = "C_Controls", "C_Controls\C_Controls.csproj", "{FA6A6246-1F2D-4128-9102-AFA5071877D5}"
EndProject
Project("{FAE04EC0-301F-11D3-BF4B-00C04F79EFBC}") = "M_o2jam_2", "M_o2jam_2\M_o2jam_2\M_o2jam_2.csproj", "{195880B5-6802-41EB-9479-05E83E7D9B99}"
EndProject
Project("{FAE04EC0-301F-11D3-BF4B-00C04F79EFBC}") = "M_SOCCER", "M_SOCCER\M_SOCCER.csproj", "{B7F6BF89-3721-4CE1-9F72-7FD75EF0E97F}"
EndProject
Project("{FAE04EC0-301F-11D3-BF4B-00C04F79EFBC}") = "Language", "Language\Language.csproj", "{0CEF33AA-3E36-4812-BE80-6E74C0E8690B}"
EndProject
Project("{FAE04EC0-301F-11D3-BF4B-00C04F79EFBC}") = "M_SDO", "M_SDO\M_SDO.csproj", "{6DB2FDC4-B372-4571-8581-26673E8545D2}"
EndProject
Project("{FAE04EC0-301F-11D3-BF4B-00C04F79EFBC}") = "M_FJ", "M_FJ\M_FJ.csproj", "{5C38E85F-A09A-4643-8269-4273C6350945}"
EndProject
Project("{FAE04EC0-301F-11D3-BF4B-00C04F79EFBC}") = "M_RC", "M_RC\M_RC.csproj", "{33F003AF-4321-4E50-97A7-9E9CE77DB3DC}"
EndProject
Global
	GlobalSection(SolutionConfigurationPlatforms) = preSolution
		Debug|Any CPU = Debug|Any CPU
		Release|Any CPU = Release|Any CPU
	EndGlobalSection
	GlobalSection(ProjectConfigurationPlatforms) = postSolution
		{3ADD60E0-0039-402E-B0F8-F86B46670E1E}.Debug|Any CPU.ActiveCfg = Debug|Any CPU
		{3ADD60E0-0039-402E-B0F8-F86B46670E1E}.Debug|Any CPU.Build.0 = Debug|Any CPU
		{3ADD60E0-0039-402E-B0F8-F86B46670E1E}.Release|Any CPU.ActiveCfg = Release|Any CPU
		{3ADD60E0-0039-402E-B0F8-F86B46670E1E}.Release|Any CPU.Build.0 = Release|Any CPU
		{9AB151CC-5399-4F3B-8107-24D61E00EF00}.Debug|Any CPU.ActiveCfg = Debug|Any CPU
		{9AB151CC-5399-4F3B-8107-24D61E00EF00}.Debug|Any CPU.Build.0 = Debug|Any CPU
		{9AB151CC-5399-4F3B-8107-24D61E00EF00}.Release|Any CPU.ActiveCfg = Release|Any CPU
		{9AB151CC-5399-4F3B-8107-24D61E00EF00}.Release|Any CPU.Build.0 = Release|Any CPU
		{A7A2D066-9D15-44D7-B451-6F01FEA4DCAF}.Debug|Any CPU.ActiveCfg = Debug|Any CPU
		{A7A2D066-9D15-44D7-B451-6F01FEA4DCAF}.Debug|Any CPU.Build.0 = Debug|Any CPU
		{A7A2D066-9D15-44D7-B451-6F01FEA4DCAF}.Release|Any CPU.ActiveCfg = Release|Any CPU
		{A7A2D066-9D15-44D7-B451-6F01FEA4DCAF}.Release|Any CPU.Build.0 = Release|Any CPU
		{BCA834E4-DD6B-4733-8C55-8CF1334C8C60}.Debug|Any CPU.ActiveCfg = Debug|Any CPU
		{BCA834E4-DD6B-4733-8C55-8CF1334C8C60}.Debug|Any CPU.Build.0 = Debug|Any CPU
		{BCA834E4-DD6B-4733-8C55-8CF1334C8C60}.Release|Any CPU.ActiveCfg = Release|Any CPU
		{BCA834E4-DD6B-4733-8C55-8CF1334C8C60}.Release|Any CPU.Build.0 = Release|Any CPU
		{AC4B946A-461E-49F0-B32F-8B9F77A82F4C}.Debug|Any CPU.ActiveCfg = Debug|Any CPU
		{AC4B946A-461E-49F0-B32F-8B9F77A82F4C}.Debug|Any CPU.Build.0 = Debug|Any CPU
		{AC4B946A-461E-49F0-B32F-8B9F77A82F4C}.Release|Any CPU.ActiveCfg = Release|Any CPU
		{AC4B946A-461E-49F0-B32F-8B9F77A82F4C}.Release|Any CPU.Build.0 = Release|Any CPU
		{A2581DD8-A5B1-4A0A-BCB5-866A7BD0879F}.Debug|Any CPU.ActiveCfg = Debug|Any CPU
		{A2581DD8-A5B1-4A0A-BCB5-866A7BD0879F}.Debug|Any CPU.Build.0 = Debug|Any CPU
		{A2581DD8-A5B1-4A0A-BCB5-866A7BD0879F}.Release|Any CPU.ActiveCfg = Release|Any CPU
		{A2581DD8-A5B1-4A0A-BCB5-866A7BD0879F}.Release|Any CPU.Build.0 = Release|Any CPU
		{C26EC1E7-F852-4177-832C-0F7B41DB1CCF}.Debug|Any CPU.ActiveCfg = Debug|Any CPU
		{C26EC1E7-F852-4177-832C-0F7B41DB1CCF}.Debug|Any CPU.Build.0 = Debug|Any CPU
		{C26EC1E7-F852-4177-832C-0F7B41DB1CCF}.Release|Any CPU.ActiveCfg = Release|Any CPU
		{C26EC1E7-F852-4177-832C-0F7B41DB1CCF}.Release|Any CPU.Build.0 = Release|Any CPU
		{D1CE8AC6-C9B9-496F-B217-5191F900B208}.Debug|Any CPU.ActiveCfg = Debug|Any CPU
		{D1CE8AC6-C9B9-496F-B217-5191F900B208}.Debug|Any CPU.Build.0 = Debug|Any CPU
		{D1CE8AC6-C9B9-496F-B217-5191F900B208}.Release|Any CPU.ActiveCfg = Release|Any CPU
		{D1CE8AC6-C9B9-496F-B217-5191F900B208}.Release|Any CPU.Build.0 = Release|Any CPU
		{F04F6F14-A975-4A0D-ADA3-6700FA105DDF}.Debug|Any CPU.ActiveCfg = Debug|Any CPU
		{F04F6F14-A975-4A0D-ADA3-6700FA105DDF}.Debug|Any CPU.Build.0 = Debug|Any CPU
		{F04F6F14-A975-4A0D-ADA3-6700FA105DDF}.Release|Any CPU.ActiveCfg = Release|Any CPU
		{F04F6F14-A975-4A0D-ADA3-6700FA105DDF}.Release|Any CPU.Build.0 = Release|Any CPU
		{8039596D-CBD8-4D55-81B5-9A335AAC5C43}.Debug|Any CPU.ActiveCfg = Debug|Any CPU
		{8039596D-CBD8-4D55-81B5-9A335AAC5C43}.Debug|Any CPU.Build.0 = Debug|Any CPU
		{8039596D-CBD8-4D55-81B5-9A335AAC5C43}.Release|Any CPU.ActiveCfg = Release|Any CPU
		{8039596D-CBD8-4D55-81B5-9A335AAC5C43}.Release|Any CPU.Build.0 = Release|Any CPU
		{54A990B0-192C-4FBA-9B9D-97F6A237F566}.Debug|Any CPU.ActiveCfg = Debug|Any CPU
		{54A990B0-192C-4FBA-9B9D-97F6A237F566}.Debug|Any CPU.Build.0 = Debug|Any CPU
		{54A990B0-192C-4FBA-9B9D-97F6A237F566}.Release|Any CPU.ActiveCfg = Release|Any CPU
		{54A990B0-192C-4FBA-9B9D-97F6A237F566}.Release|Any CPU.Build.0 = Release|Any CPU
		{FA8ABE65-982D-4AA4-AF2F-15ED769AC7DC}.Debug|Any CPU.ActiveCfg = Debug|Any CPU
		{FA8ABE65-982D-4AA4-AF2F-15ED769AC7DC}.Debug|Any CPU.Build.0 = Debug|Any CPU
		{FA8ABE65-982D-4AA4-AF2F-15ED769AC7DC}.Release|Any CPU.ActiveCfg = Release|Any CPU
		{FA8ABE65-982D-4AA4-AF2F-15ED769AC7DC}.Release|Any CPU.Build.0 = Release|Any CPU
		{FA6A6246-1F2D-4128-9102-AFA5071877D5}.Debug|Any CPU.ActiveCfg = Debug|Any CPU
		{FA6A6246-1F2D-4128-9102-AFA5071877D5}.Debug|Any CPU.Build.0 = Debug|Any CPU
		{FA6A6246-1F2D-4128-9102-AFA5071877D5}.Release|Any CPU.ActiveCfg = Release|Any CPU
		{FA6A6246-1F2D-4128-9102-AFA5071877D5}.Release|Any CPU.Build.0 = Release|Any CPU
		{195880B5-6802-41EB-9479-05E83E7D9B99}.Debug|Any CPU.ActiveCfg = Debug|Any CPU
		{195880B5-6802-41EB-9479-05E83E7D9B99}.Debug|Any CPU.Build.0 = Debug|Any CPU
		{195880B5-6802-41EB-9479-05E83E7D9B99}.Release|Any CPU.ActiveCfg = Release|Any CPU
		{195880B5-6802-41EB-9479-05E83E7D9B99}.Release|Any CPU.Build.0 = Release|Any CPU
		{B7F6BF89-3721-4CE1-9F72-7FD75EF0E97F}.Debug|Any CPU.ActiveCfg = Debug|Any CPU
		{B7F6BF89-3721-4CE1-9F72-7FD75EF0E97F}.Debug|Any CPU.Build.0 = Debug|Any CPU
		{B7F6BF89-3721-4CE1-9F72-7FD75EF0E97F}.Release|Any CPU.ActiveCfg = Release|Any CPU
		{B7F6BF89-3721-4CE1-9F72-7FD75EF0E97F}.Release|Any CPU.Build.0 = Release|Any CPU
		{0CEF33AA-3E36-4812-BE80-6E74C0E8690B}.Debug|Any CPU.ActiveCfg = Debug|Any CPU
		{0CEF33AA-3E36-4812-BE80-6E74C0E8690B}.Debug|Any CPU.Build.0 = Debug|Any CPU
		{0CEF33AA-3E36-4812-BE80-6E74C0E8690B}.Release|Any CPU.ActiveCfg = Release|Any CPU
		{0CEF33AA-3E36-4812-BE80-6E74C0E8690B}.Release|Any CPU.Build.0 = Release|Any CPU
		{6DB2FDC4-B372-4571-8581-26673E8545D2}.Debug|Any CPU.ActiveCfg = Debug|Any CPU
		{6DB2FDC4-B372-4571-8581-26673E8545D2}.Debug|Any CPU.Build.0 = Debug|Any CPU
		{6DB2FDC4-B372-4571-8581-26673E8545D2}.Release|Any CPU.ActiveCfg = Release|Any CPU
		{6DB2FDC4-B372-4571-8581-26673E8545D2}.Release|Any CPU.Build.0 = Release|Any CPU
		{5C38E85F-A09A-4643-8269-4273C6350945}.Debug|Any CPU.ActiveCfg = Debug|Any CPU
		{5C38E85F-A09A-4643-8269-4273C6350945}.Debug|Any CPU.Build.0 = Debug|Any CPU
		{5C38E85F-A09A-4643-8269-4273C6350945}.Release|Any CPU.ActiveCfg = Release|Any CPU
		{5C38E85F-A09A-4643-8269-4273C6350945}.Release|Any CPU.Build.0 = Release|Any CPU
		{33F003AF-4321-4E50-97A7-9E9CE77DB3DC}.Debug|Any CPU.ActiveCfg = Debug|Any CPU
		{33F003AF-4321-4E50-97A7-9E9CE77DB3DC}.Debug|Any CPU.Build.0 = Debug|Any CPU
		{33F003AF-4321-4E50-97A7-9E9CE77DB3DC}.Release|Any CPU.ActiveCfg = Release|Any CPU
		{33F003AF-4321-4E50-97A7-9E9CE77DB3DC}.Release|Any CPU.Build.0 = Release|Any CPU
	EndGlobalSection
	GlobalSection(SolutionProperties) = preSolution
		HideSolutionNode = FALSE
	EndGlobalSection
EndGlobal
